
Microsoft Visual Studio Solution File, Format Version 12.00
# Visual Studio Version 16
VisualStudioVersion = 16.0.31729.503
MinimumVisualStudioVersion = 10.0.40219.1
Project("{8BC9CEB8-8B4A-11D0-8D11-00A0C91BC942}") = "GTPNet", "GTPNet\GTPNet.vcxproj", "{D5379EDE-E897-4199-8660-FAFA38CA8273}"
EndProject
Project("{8BC9CEB8-8B4A-11D0-8D11-00A0C91BC942}") = "Client", "Client\Client.vcxproj", "{B4CF23D0-D3C0-43BF-866A-50B1247BD513}"
	ProjectSection(ProjectDependencies) = postProject
		{D5379EDE-E897-4199-8660-FAFA38CA8273} = {D5379EDE-E897-4199-8660-FAFA38CA8273}
	EndProjectSection
EndProject
Project("{8BC9CEB8-8B4A-11D0-8D11-00A0C91BC942}") = "Server", "Server\Server.vcxproj", "{9679E7EC-577D-4D14-AD35-65280124472D}"
	ProjectSection(ProjectDependencies) = postProject
		{D5379EDE-E897-4199-8660-FAFA38CA8273} = {D5379EDE-E897-4199-8660-FAFA38CA8273}
	EndProjectSection
EndProject
Global
	GlobalSection(SolutionConfigurationPlatforms) = preSolution
		Debug|x64 = Debug|x64
		Debug|x86 = Debug|x86
		Release|x64 = Release|x64
		Release|x86 = Release|x86
	EndGlobalSection
	GlobalSection(ProjectConfigurationPlatforms) = postSolution
		{D5379EDE-E897-4199-8660-FAFA38CA8273}.Debug|x64.ActiveCfg = Debug|x64
		{D5379EDE-E897-4199-8660-FAFA38CA8273}.Debug|x64.Build.0 = Debug|x64
		{D5379EDE-E897-4199-8660-FAFA38CA8273}.Debug|x86.ActiveCfg = Debug|Win32
		{D5379EDE-E897-4199-8660-FAFA38CA8273}.Debug|x86.Build.0 = Debug|Win32
		{D5379EDE-E897-4199-8660-FAFA38CA8273}.Release|x64.ActiveCfg = Release|x64
		{D5379EDE-E897-4199-8660-FAFA38CA8273}.Release|x64.Build.0 = Release|x64
		{D5379EDE-E897-4199-8660-FAFA38CA8273}.Release|x86.ActiveCfg = Release|Win32
		{D5379EDE-E897-4199-8660-FAFA38CA8273}.Release|x86.Build.0 = Release|Win32
		{B4CF23D0-D3C0-43BF-866A-50B1247BD513}.Debug|x64.ActiveCfg = Debug|x64
		{B4CF23D0-D3C0-43BF-866A-50B1247BD513}.Debug|x64.Build.0 = Debug|x64
		{B4CF23D0-D3C0-43BF-866A-50B1247BD513}.Debug|x86.ActiveCfg = Debug|Win32
		{B4CF23D0-D3C0-43BF-866A-50B1247BD513}.Debug|x86.Build.0 = Debug|Win32
		{B4CF23D0-D3C0-43BF-866A-50B1247BD513}.Release|x64.ActiveCfg = Release|x64
		{B4CF23D0-D3C0-43BF-866A-50B1247BD513}.Release|x64.Build.0 = Release|x64
		{B4CF23D0-D3C0-43BF-866A-50B1247BD513}.Release|x86.ActiveCfg = Release|Win32
		{B4CF23D0-D3C0-43BF-866A-50B1247BD513}.Release|x86.Build.0 = Release|Win32
		{9679E7EC-577D-4D14-AD35-65280124472D}.Debug|x64.ActiveCfg = Debug|x64
		{9679E7EC-577D-4D14-AD35-65280124472D}.Debug|x64.Build.0 = Debug|x64
		{9679E7EC-577D-4D14-AD35-65280124472D}.Debug|x86.ActiveCfg = Debug|Win32
		{9679E7EC-577D-4D14-AD35-65280124472D}.Debug|x86.Build.0 = Debug|Win32
		{9679E7EC-577D-4D14-AD35-65280124472D}.Release|x64.ActiveCfg = Release|x64
		{9679E7EC-577D-4D14-AD35-65280124472D}.Release|x64.Build.0 = Release|x64
		{9679E7EC-577D-4D14-AD35-65280124472D}.Release|x86.ActiveCfg = Release|Win32
		{9679E7EC-577D-4D14-AD35-65280124472D}.Release|x86.Build.0 = Release|Win32
	EndGlobalSection
	GlobalSection(SolutionProperties) = preSolution
		HideSolutionNode = FALSE
	EndGlobalSection
	GlobalSection(ExtensibilityGlobals) = postSolution
		SolutionGuid = {A473EF87-4AB7-4C8E-87D7-2DA7813EA538}
	EndGlobalSection
EndGlobal
